// !$*UTF8*$!
{
	archiveVersion = 1;
	classes = {
	};
	objectVersion = 55;
	objects = {

/* Begin PBXBuildFile section */
		C978FFE128179B5600AAEE9A /* await_async_tutorialApp.swift in Sources */ = {isa = PBXBuildFile; fileRef = C978FFE028179B5600AAEE9A /* await_async_tutorialApp.swift */; };
		C978FFE328179B5600AAEE9A /* ContentView.swift in Sources */ = {isa = PBXBuildFile; fileRef = C978FFE228179B5600AAEE9A /* ContentView.swift */; };
		C978FFE528179B5D00AAEE9A /* Assets.xcassets in Resources */ = {isa = PBXBuildFile; fileRef = C978FFE428179B5D00AAEE9A /* Assets.xcassets */; };
		C978FFE828179B5D00AAEE9A /* Preview Assets.xcassets in Resources */ = {isa = PBXBuildFile; fileRef = C978FFE728179B5D00AAEE9A /* Preview Assets.xcassets */; };
		C9C943832819ACF000097AA9 /* WeatherModel.swift in Sources */ = {isa = PBXBuildFile; fileRef = C9C943822819ACEF00097AA9 /* WeatherModel.swift */; };
		C9C943862819AE8C00097AA9 /* AsyncViewModel.swift in Sources */ = {isa = PBXBuildFile; fileRef = C9C943852819AE8C00097AA9 /* AsyncViewModel.swift */; };
		C9C943882819B40400097AA9 /* WeatherData.swift in Sources */ = {isa = PBXBuildFile; fileRef = C9C943872819B40400097AA9 /* WeatherData.swift */; };
/* End PBXBuildFile section */

/* Begin PBXFileReference section */
		C978FFDD28179B5600AAEE9A /* await async tutorial.app */ = {isa = PBXFileReference; explicitFileType = wrapper.application; includeInIndex = 0; path = "await async tutorial.app"; sourceTree = BUILT_PRODUCTS_DIR; };
		C978FFE028179B5600AAEE9A /* await_async_tutorialApp.swift */ = {isa = PBXFileReference; lastKnownFileType = sourcecode.swift; path = await_async_tutorialApp.swift; sourceTree = "<group>"; };
		C978FFE228179B5600AAEE9A /* ContentView.swift */ = {isa = PBXFileReference; lastKnownFileType = sourcecode.swift; path = ContentView.swift; sourceTree = "<group>"; };
		C978FFE428179B5D00AAEE9A /* Assets.xcassets */ = {isa = PBXFileReference; lastKnownFileType = folder.assetcatalog; path = Assets.xcassets; sourceTree = "<group>"; };
		C978FFE728179B5D00AAEE9A /* Preview Assets.xcassets */ = {isa = PBXFileReference; lastKnownFileType = folder.assetcatalog; path = "Preview Assets.xcassets"; sourceTree = "<group>"; };
		C9C943822819ACEF00097AA9 /* WeatherModel.swift */ = {isa = PBXFileReference; lastKnownFileType = sourcecode.swift; path = WeatherModel.swift; sourceTree = "<group>"; };
		C9C943852819AE8C00097AA9 /* AsyncViewModel.swift */ = {isa = PBXFileReference; lastKnownFileType = sourcecode.swift; path = AsyncViewModel.swift; sourceTree = "<group>"; };
		C9C943872819B40400097AA9 /* WeatherData.swift */ = {isa = PBXFileReference; lastKnownFileType = sourcecode.swift; path = WeatherData.swift; sourceTree = "<group>"; };
/* End PBXFileReference section */

/* Begin PBXFrameworksBuildPhase section */
		C978FFDA28179B5600AAEE9A /* Frameworks */ = {
			isa = PBXFrameworksBuildPhase;
			buildActionMask = 2147483647;
			files = (
			);
			runOnlyForDeploymentPostprocessing = 0;
		};
/* End PBXFrameworksBuildPhase section */

/* Begin PBXGroup section */
		C976EF1C2818BF5F00E6D6FA /* Model */ = {
			isa = PBXGroup;
			children = (
				C9C943822819ACEF00097AA9 /* WeatherModel.swift */,
				C9C943872819B40400097AA9 /* WeatherData.swift */,
			);
			path = Model;
			sourceTree = "<group>";
		};
		C976EF1D2818BF6700E6D6FA /* View */ = {
			isa = PBXGroup;
			children = (
				C978FFE228179B5600AAEE9A /* ContentView.swift */,
			);
			path = View;
			sourceTree = "<group>";
		};
		C978FFD428179B5600AAEE9A = {
			isa = PBXGroup;
			children = (
				C978FFDF28179B5600AAEE9A /* await async tutorial */,
				C978FFDE28179B5600AAEE9A /* Products */,
			);
			sourceTree = "<group>";
		};
		C978FFDE28179B5600AAEE9A /* Products */ = {
			isa = PBXGroup;
			children = (
				C978FFDD28179B5600AAEE9A /* await async tutorial.app */,
			);
			name = Products;
			sourceTree = "<group>";
		};
		C978FFDF28179B5600AAEE9A /* await async tutorial */ = {
			isa = PBXGroup;
			children = (
				C9C943842819AE7E00097AA9 /* ViewModel */,
				C976EF1D2818BF6700E6D6FA /* View */,
				C976EF1C2818BF5F00E6D6FA /* Model */,
				C978FFE028179B5600AAEE9A /* await_async_tutorialApp.swift */,
				C978FFE428179B5D00AAEE9A /* Assets.xcassets */,
				C978FFE628179B5D00AAEE9A /* Preview Content */,
			);
			path = "await async tutorial";
			sourceTree = "<group>";
		};
		C978FFE628179B5D00AAEE9A /* Preview Content */ = {
			isa = PBXGroup;
			children = (
				C978FFE728179B5D00AAEE9A /* Preview Assets.xcassets */,
			);
			path = "Preview Content";
			sourceTree = "<group>";
		};
		C9C943842819AE7E00097AA9 /* ViewModel */ = {
			isa = PBXGroup;
			children = (
				C9C943852819AE8C00097AA9 /* AsyncViewModel.swift */,
			);
			path = ViewModel;
			sourceTree = "<group>";
		};
/* End PBXGroup section */

/* Begin PBXNativeTarget section */
		C978FFDC28179B5600AAEE9A /* await async tutorial */ = {
			isa = PBXNativeTarget;
			buildConfigurationList = C978FFEB28179B5D00AAEE9A /* Build configuration list for PBXNativeTarget "await async tutorial" */;
			buildPhases = (
				C978FFD928179B5600AAEE9A /* Sources */,
				C978FFDA28179B5600AAEE9A /* Frameworks */,
				C978FFDB28179B5600AAEE9A /* Resources */,
			);
			buildRules = (
			);
			dependencies = (
			);
			name = "await async tutorial";
			productName = "await async tutorial";
			productReference = C978FFDD28179B5600AAEE9A /* await async tutorial.app */;
			productType = "com.apple.product-type.application";
		};
/* End PBXNativeTarget section */

/* Begin PBXProject section */
		C978FFD528179B5600AAEE9A /* Project object */ = {
			isa = PBXProject;
			attributes = {
				BuildIndependentTargetsInParallel = 1;
				LastSwiftUpdateCheck = 1330;
				LastUpgradeCheck = 1330;
				TargetAttributes = {
					C978FFDC28179B5600AAEE9A = {
						CreatedOnToolsVersion = 13.3;
					};
				};
			};
			buildConfigurationList = C978FFD828179B5600AAEE9A /* Build configuration list for PBXProject "await async tutorial" */;
			compatibilityVersion = "Xcode 13.0";
			developmentRegion = en;
			hasScannedForEncodings = 0;
			knownRegions = (
				en,
				Base,
			);
			mainGroup = C978FFD428179B5600AAEE9A;
			productRefGroup = C978FFDE28179B5600AAEE9A /* Products */;
			projectDirPath = "";
			projectRoot = "";
			targets = (
				C978FFDC28179B5600AAEE9A /* await async tutorial */,
			);
		};
/* End PBXProject section */

/* Begin PBXResourcesBuildPhase section */
		C978FFDB28179B5600AAEE9A /* Resources */ = {
			isa = PBXResourcesBuildPhase;
			buildActionMask = 2147483647;
			files = (
				C978FFE828179B5D00AAEE9A /* Preview Assets.xcassets in Resources */,
				C978FFE528179B5D00AAEE9A /* Assets.xcassets in Resources */,
			);
			runOnlyForDeploymentPostprocessing = 0;
		};
/* End PBXResourcesBuildPhase section */

/* Begin PBXSourcesBuildPhase section */
		C978FFD928179B5600AAEE9A /* Sources */ = {
			isa = PBXSourcesBuildPhase;
			buildActionMask = 2147483647;
			files = (
				C978FFE328179B5600AAEE9A /* ContentView.swift in Sources */,
				C9C943882819B40400097AA9 /* WeatherData.swift in Sources */,
				C9C943862819AE8C00097AA9 /* AsyncViewModel.swift in Sources */,
				C9C943832819ACF000097AA9 /* WeatherModel.swift in Sources */,
				C978FFE128179B5600AAEE9A /* await_async_tutorialApp.swift in Sources */,
			);
			runOnlyForDeploymentPostprocessing = 0;
		};
/* End PBXSourcesBuildPhase section */

/* Begin XCBuildConfiguration section */
		C978FFE928179B5D00AAEE9A /* Debug */ = {
			isa = XCBuildConfiguration;
			buildSettings = {
				ALWAYS_SEARCH_USER_PATHS = NO;
				CLANG_ANALYZER_NONNULL = YES;
				CLANG_ANALYZER_NUMBER_OBJECT_CONVERSION = YES_AGGRESSIVE;
				CLANG_CXX_LANGUAGE_STANDARD = "gnu++17";
				CLANG_ENABLE_MODULES = YES;
				CLANG_ENABLE_OBJC_ARC = YES;
				CLANG_ENABLE_OBJC_WEAK = YES;
				CLANG_WARN_BLOCK_CAPTURE_AUTORELEASING = YES;
				CLANG_WARN_BOOL_CONVERSION = YES;
				CLANG_WARN_COMMA = YES;
				CLANG_WARN_CONSTANT_CONVERSION = YES;
				CLANG_WARN_DEPRECATED_OBJC_IMPLEMENTATIONS = YES;
				CLANG_WARN_DIRECT_OBJC_ISA_USAGE = YES_ERROR;
				CLANG_WARN_DOCUMENTATION_COMMENTS = YES;
				CLANG_WARN_EMPTY_BODY = YES;
				CLANG_WARN_ENUM_CONVERSION = YES;
				CLANG_WARN_INFINITE_RECURSION = YES;
				CLANG_WARN_INT_CONVERSION = YES;
				CLANG_WARN_NON_LITERAL_NULL_CONVERSION = YES;
				CLANG_WARN_OBJC_IMPLICIT_RETAIN_SELF = YES;
				CLANG_WARN_OBJC_LITERAL_CONVERSION = YES;
				CLANG_WARN_OBJC_ROOT_CLASS = YES_ERROR;
				CLANG_WARN_QUOTED_INCLUDE_IN_FRAMEWORK_HEADER = YES;
				CLANG_WARN_RANGE_LOOP_ANALYSIS = YES;
				CLANG_WARN_STRICT_PROTOTYPES = YES;
				CLANG_WARN_SUSPICIOUS_MOVE = YES;
				CLANG_WARN_UNGUARDED_AVAILABILITY = YES_AGGRESSIVE;
				CLANG_WARN_UNREACHABLE_CODE = YES;
				CLANG_WARN__DUPLICATE_METHOD_MATCH = YES;
				COPY_PHASE_STRIP = NO;
				DEBUG_INFORMATION_FORMAT = dwarf;
				ENABLE_STRICT_OBJC_MSGSEND = YES;
				ENABLE_TESTABILITY = YES;
				GCC_C_LANGUAGE_STANDARD = gnu11;
				GCC_DYNAMIC_NO_PIC = NO;
				GCC_NO_COMMON_BLOCKS = YES;
				GCC_OPTIMIZATION_LEVEL = 0;
				GCC_PREPROCESSOR_DEFINITIONS = (
					"DEBUG=1",
					"$(inherited)",
				);
				GCC_WARN_64_TO_32_BIT_CONVERSION = YES;
				GCC_WARN_ABOUT_RETURN_TYPE = YES_ERROR;
				GCC_WARN_UNDECLARED_SELECTOR = YES;
				GCC_WARN_UNINITIALIZED_AUTOS = YES_AGGRESSIVE;
				GCC_WARN_UNUSED_FUNCTION = YES;
				GCC_WARN_UNUSED_VARIABLE = YES;
				IPHONEOS_DEPLOYMENT_TARGET = 15.4;
				MTL_ENABLE_DEBUG_INFO = INCLUDE_SOURCE;
				MTL_FAST_MATH = YES;
				ONLY_ACTIVE_ARCH = YES;
				SDKROOT = iphoneos;
				SWIFT_ACTIVE_COMPILATION_CONDITIONS = DEBUG;
				SWIFT_OPTIMIZATION_LEVEL = "-Onone";
			};
			name = Debug;
		};
		C978FFEA28179B5D00AAEE9A /* Release */ = {
			isa = XCBuildConfiguration;
			buildSettings = {
				ALWAYS_SEARCH_USER_PATHS = NO;
				CLANG_ANALYZER_NONNULL = YES;
				CLANG_ANALYZER_NUMBER_OBJECT_CONVERSION = YES_AGGRESSIVE;
				CLANG_CXX_LANGUAGE_STANDARD = "gnu++17";
				CLANG_ENABLE_MODULES = YES;
				CLANG_ENABLE_OBJC_ARC = YES;
				CLANG_ENABLE_OBJC_WEAK = YES;
				CLANG_WARN_BLOCK_CAPTURE_AUTORELEASING = YES;
				CLANG_WARN_BOOL_CONVERSION = YES;
				CLANG_WARN_COMMA = YES;
				CLANG_WARN_CONSTANT_CONVERSION = YES;
				CLANG_WARN_DEPRECATED_OBJC_IMPLEMENTATIONS = YES;
				CLANG_WARN_DIRECT_OBJC_ISA_USAGE = YES_ERROR;
				CLANG_WARN_DOCUMENTATION_COMMENTS = YES;
				CLANG_WARN_EMPTY_BODY = YES;
				CLANG_WARN_ENUM_CONVERSION = YES;
				CLANG_WARN_INFINITE_RECURSION = YES;
				CLANG_WARN_INT_CONVERSION = YES;
				CLANG_WARN_NON_LITERAL_NULL_CONVERSION = YES;
				CLANG_WARN_OBJC_IMPLICIT_RETAIN_SELF = YES;
				CLANG_WARN_OBJC_LITERAL_CONVERSION = YES;
				CLANG_WARN_OBJC_ROOT_CLASS = YES_ERROR;
				CLANG_WARN_QUOTED_INCLUDE_IN_FRAMEWORK_HEADER = YES;
				CLANG_WARN_RANGE_LOOP_ANALYSIS = YES;
				CLANG_WARN_STRICT_PROTOTYPES = YES;
				CLANG_WARN_SUSPICIOUS_MOVE = YES;
				CLANG_WARN_UNGUARDED_AVAILABILITY = YES_AGGRESSIVE;
				CLANG_WARN_UNREACHABLE_CODE = YES;
				CLANG_WARN__DUPLICATE_METHOD_MATCH = YES;
				COPY_PHASE_STRIP = NO;
				DEBUG_INFORMATION_FORMAT = "dwarf-with-dsym";
				ENABLE_NS_ASSERTIONS = NO;
				ENABLE_STRICT_OBJC_MSGSEND = YES;
				GCC_C_LANGUAGE_STANDARD = gnu11;
				GCC_NO_COMMON_BLOCKS = YES;
				GCC_WARN_64_TO_32_BIT_CONVERSION = YES;
				GCC_WARN_ABOUT_RETURN_TYPE = YES_ERROR;
				GCC_WARN_UNDECLARED_SELECTOR = YES;
				GCC_WARN_UNINITIALIZED_AUTOS = YES_AGGRESSIVE;
				GCC_WARN_UNUSED_FUNCTION = YES;
				GCC_WARN_UNUSED_VARIABLE = YES;
				IPHONEOS_DEPLOYMENT_TARGET = 15.4;
				MTL_ENABLE_DEBUG_INFO = NO;
				MTL_FAST_MATH = YES;
				SDKROOT = iphoneos;
				SWIFT_COMPILATION_MODE = wholemodule;
				SWIFT_OPTIMIZATION_LEVEL = "-O";
				VALIDATE_PRODUCT = YES;
			};
			name = Release;
		};
		C978FFEC28179B5D00AAEE9A /* Debug */ = {
			isa = XCBuildConfiguration;
			buildSettings = {
				ASSETCATALOG_COMPILER_APPICON_NAME = AppIcon;
				ASSETCATALOG_COMPILER_GLOBAL_ACCENT_COLOR_NAME = AccentColor;
				CODE_SIGN_STYLE = Automatic;
				CURRENT_PROJECT_VERSION = 1;
				DEVELOPMENT_ASSET_PATHS = "\"await async tutorial/Preview Content\"";
				DEVELOPMENT_TEAM = AU7K3CDN2H;
				ENABLE_PREVIEWS = YES;
				GENERATE_INFOPLIST_FILE = YES;
				INFOPLIST_KEY_UIApplicationSceneManifest_Generation = YES;
				INFOPLIST_KEY_UIApplicationSupportsIndirectInputEvents = YES;
				INFOPLIST_KEY_UILaunchScreen_Generation = YES;
				INFOPLIST_KEY_UISupportedInterfaceOrientations_iPad = "UIInterfaceOrientationPortrait UIInterfaceOrientationPortraitUpsideDown UIInterfaceOrientationLandscapeLeft UIInterfaceOrientationLandscapeRight";
				INFOPLIST_KEY_UISupportedInterfaceOrientations_iPhone = "UIInterfaceOrientationPortrait UIInterfaceOrientationLandscapeLeft UIInterfaceOrientationLandscapeRight";
				LD_RUNPATH_SEARCH_PATHS = (
					"$(inherited)",
					"@executable_path/Frameworks",
				);
				MARKETING_VERSION = 1.0;
				PRODUCT_BUNDLE_IDENTIFIER = "com.A15.await-async-tutorial";
				PRODUCT_NAME = "$(TARGET_NAME)";
				SWIFT_EMIT_LOC_STRINGS = YES;
				SWIFT_VERSION = 5.0;
				TARGETED_DEVICE_FAMILY = "1,2";
			};
			name = Debug;
		};
		C978FFED28179B5D00AAEE9A /* Release */ = {
			isa = XCBuildConfiguration;
			buildSettings = {
				ASSETCATALOG_COMPILER_APPICON_NAME = AppIcon;
				ASSETCATALOG_COMPILER_GLOBAL_ACCENT_COLOR_NAME = AccentColor;
				CODE_SIGN_STYLE = Automatic;
				CURRENT_PROJECT_VERSION = 1;
				DEVELOPMENT_ASSET_PATHS = "\"await async tutorial/Preview Content\"";
				DEVELOPMENT_TEAM = AU7K3CDN2H;
				ENABLE_PREVIEWS = YES;
				GENERATE_INFOPLIST_FILE = YES;
				INFOPLIST_KEY_UIApplicationSceneManifest_Generation = YES;
				INFOPLIST_KEY_UIApplicationSupportsIndirectInputEvents = YES;
				INFOPLIST_KEY_UILaunchScreen_Generation = YES;
				INFOPLIST_KEY_UISupportedInterfaceOrientations_iPad = "UIInterfaceOrientationPortrait UIInterfaceOrientationPortraitUpsideDown UIInterfaceOrientationLandscapeLeft UIInterfaceOrientationLandscapeRight";
				INFOPLIST_KEY_UISupportedInterfaceOrientations_iPhone = "UIInterfaceOrientationPortrait UIInterfaceOrientationLandscapeLeft UIInterfaceOrientationLandscapeRight";
				LD_RUNPATH_SEARCH_PATHS = (
					"$(inherited)",
					"@executable_path/Frameworks",
				);
				MARKETING_VERSION = 1.0;
				PRODUCT_BUNDLE_IDENTIFIER = "com.A15.await-async-tutorial";
				PRODUCT_NAME = "$(TARGET_NAME)";
				SWIFT_EMIT_LOC_STRINGS = YES;
				SWIFT_VERSION = 5.0;
				TARGETED_DEVICE_FAMILY = "1,2";
			};
			name = Release;
		};
/* End XCBuildConfiguration section */

/* Begin XCConfigurationList section */
		C978FFD828179B5600AAEE9A /* Build configuration list for PBXProject "await async tutorial" */ = {
			isa = XCConfigurationList;
			buildConfigurations = (
				C978FFE928179B5D00AAEE9A /* Debug */,
				C978FFEA28179B5D00AAEE9A /* Release */,
			);
			defaultConfigurationIsVisible = 0;
			defaultConfigurationName = Release;
		};
		C978FFEB28179B5D00AAEE9A /* Build configuration list for PBXNativeTarget "await async tutorial" */ = {
			isa = XCConfigurationList;
			buildConfigurations = (
				C978FFEC28179B5D00AAEE9A /* Debug */,
				C978FFED28179B5D00AAEE9A /* Release */,
			);
			defaultConfigurationIsVisible = 0;
			defaultConfigurationName = Release;
		};
/* End XCConfigurationList section */
	};
	rootObject = C978FFD528179B5600AAEE9A /* Project object */;
}
